# THIS IS AN AUTOGENERATED FILE. DO NOT EDIT THIS FILE DIRECTLY.
# yarn lockfile v1


gpt-tokenizer@^2.1.1:
  version "2.1.1"
  resolved "https://registry.yarnpkg.com/gpt-tokenizer/-/gpt-tokenizer-2.1.1.tgz#46df6234398f812d14c1cf3541e289c51da7acab"
  integrity sha512-WlX+vj6aPaZ71U6Bf18fem+5k58zlgh2a4nbc7KHy6aGVIyq3nCh709b/8momu34sV/5t/SpzWi8LayWD9uyDw==
  dependencies:
    rfc4648 "^1.5.2"

"omnilib-utils@https://github.com/manu-sapiens/omnilib-utils.git#main":
  version "1.0.0"
  resolved "https://github.com/manu-sapiens/omnilib-utils.git#c3e9d003108073075745dc5bdbee6a2214ab87c2"

rfc4648@^1.5.2:
  version "1.5.2"
  resolved "https://registry.yarnpkg.com/rfc4648/-/rfc4648-1.5.2.tgz#cf5dac417dd83e7f4debf52e3797a723c1373383"
  integrity sha512-tLOizhR6YGovrEBLatX1sdcuhoSCXddw3mqNVAcKxGJ+J0hFeJ+SjeWCv5UPA/WU3YzWPPuCVYgXBKZUPGpKtg==
